
Microsoft Visual Studio Solution File, Format Version 12.00
# Visual Studio Version 16
VisualStudioVersion = 25.0.1704.0
MinimumVisualStudioVersion = 10.0.40219.1
Project("{FAE04EC0-301F-11D3-BF4B-00C04F79EFBC}") = "outputcache-middleware", "outputcache-middleware\outputcache-middleware.csproj", "{BC72B351-4A5C-49F2-9BCE-B61277B572D8}"
EndProject
Global
	GlobalSection(SolutionConfigurationPlatforms) = preSolution
		Debug|Any CPU = Debug|Any CPU
		Release|Any CPU = Release|Any CPU
	EndGlobalSection
	GlobalSection(ProjectConfigurationPlatforms) = postSolution
		{BC72B351-4A5C-49F2-9BCE-B61277B572D8}.Debug|Any CPU.ActiveCfg = Debug|Any CPU
		{BC72B351-4A5C-49F2-9BCE-B61277B572D8}.Debug|Any CPU.Build.0 = Debug|Any CPU
		{BC72B351-4A5C-49F2-9BCE-B61277B572D8}.Release|Any CPU.ActiveCfg = Release|Any CPU
		{BC72B351-4A5C-49F2-9BCE-B61277B572D8}.Release|Any CPU.Build.0 = Release|Any CPU
	EndGlobalSection
	GlobalSection(SolutionProperties) = preSolution
		HideSolutionNode = FALSE
	EndGlobalSection
	GlobalSection(ExtensibilityGlobals) = postSolution
		SolutionGuid = {3624B254-AB14-4D34-851D-E378E2BD17AA}
	EndGlobalSection
EndGlobal
